// !$*UTF8*$!
{
	archiveVersion = 1;
	classes = {
	};
	objectVersion = 48;
	objects = {

/* Begin PBXBuildFile section */
		67039EC22028BB7C009357FF /* PostViewController.swift in Sources */ = {isa = PBXBuildFile; fileRef = 67039EC12028BB7C009357FF /* PostViewController.swift */; };
		6716CA042026BE3300F008C0 /* AppDelegate.swift in Sources */ = {isa = PBXBuildFile; fileRef = 6716CA032026BE3300F008C0 /* AppDelegate.swift */; };
		6716CA092026BE3400F008C0 /* Main.storyboard in Resources */ = {isa = PBXBuildFile; fileRef = 6716CA072026BE3400F008C0 /* Main.storyboard */; };
		6716CA0B2026BE3400F008C0 /* Assets.xcassets in Resources */ = {isa = PBXBuildFile; fileRef = 6716CA0A2026BE3400F008C0 /* Assets.xcassets */; };
		6716CA0E2026BE3400F008C0 /* LaunchScreen.storyboard in Resources */ = {isa = PBXBuildFile; fileRef = 6716CA0C2026BE3400F008C0 /* LaunchScreen.storyboard */; };
		6716CA192026BE3400F008C0 /* The_Mac_WeeklyTests.swift in Sources */ = {isa = PBXBuildFile; fileRef = 6716CA182026BE3400F008C0 /* The_Mac_WeeklyTests.swift */; };
		6716CA242026BE3400F008C0 /* The_Mac_WeeklyUITests.swift in Sources */ = {isa = PBXBuildFile; fileRef = 6716CA232026BE3400F008C0 /* The_Mac_WeeklyUITests.swift */; };
		673F70CA202745900030E5F4 /* PostTableViewCell.swift in Sources */ = {isa = PBXBuildFile; fileRef = 673F70C9202745900030E5F4 /* PostTableViewCell.swift */; };
		673F70CC2027473F0030E5F4 /* PostTableViewController.swift in Sources */ = {isa = PBXBuildFile; fileRef = 673F70CB2027473F0030E5F4 /* PostTableViewController.swift */; };
		678868322026C734006FCF93 /* api.swift in Sources */ = {isa = PBXBuildFile; fileRef = 678868312026C734006FCF93 /* api.swift */; };
		AE7E53254523D4266FBF195F /* Pods_The_Mac_Weekly.framework in Frameworks */ = {isa = PBXBuildFile; fileRef = 1BAAC00BD8C48F155EEFCA94 /* Pods_The_Mac_Weekly.framework */; };
		CBFB36ABF45CD017F26735B5 /* Pods_The_Mac_WeeklyUITests.framework in Frameworks */ = {isa = PBXBuildFile; fileRef = CEC1B70C2E1F13089716348D /* Pods_The_Mac_WeeklyUITests.framework */; };
		FC129842C382CCC0B5715925 /* Pods_The_Mac_WeeklyTests.framework in Frameworks */ = {isa = PBXBuildFile; fileRef = F064AFB1504B1B2B0F0DA185 /* Pods_The_Mac_WeeklyTests.framework */; };
/* End PBXBuildFile section */

/* Begin PBXContainerItemProxy section */
		6716CA152026BE3400F008C0 /* PBXContainerItemProxy */ = {
			isa = PBXContainerItemProxy;
			containerPortal = 6716C9F82026BE3300F008C0 /* Project object */;
			proxyType = 1;
			remoteGlobalIDString = 6716C9FF2026BE3300F008C0;
			remoteInfo = "The Mac Weekly";
		};
		6716CA202026BE3400F008C0 /* PBXContainerItemProxy */ = {
			isa = PBXContainerItemProxy;
			containerPortal = 6716C9F82026BE3300F008C0 /* Project object */;
			proxyType = 1;
			remoteGlobalIDString = 6716C9FF2026BE3300F008C0;
			remoteInfo = "The Mac Weekly";
		};
/* End PBXContainerItemProxy section */

/* Begin PBXFileReference section */
		1BAAC00BD8C48F155EEFCA94 /* Pods_The_Mac_Weekly.framework */ = {isa = PBXFileReference; explicitFileType = wrapper.framework; includeInIndex = 0; path = Pods_The_Mac_Weekly.framework; sourceTree = BUILT_PRODUCTS_DIR; };
		2045A2157C41EF5C39A058D3 /* Pods-The Mac WeeklyTests.release.xcconfig */ = {isa = PBXFileReference; includeInIndex = 1; lastKnownFileType = text.xcconfig; name = "Pods-The Mac WeeklyTests.release.xcconfig"; path = "Pods/Target Support Files/Pods-The Mac WeeklyTests/Pods-The Mac WeeklyTests.release.xcconfig"; sourceTree = "<group>"; };
		67039EC12028BB7C009357FF /* PostViewController.swift */ = {isa = PBXFileReference; lastKnownFileType = sourcecode.swift; path = PostViewController.swift; sourceTree = "<group>"; };
		6716CA002026BE3300F008C0 /* The Mac Weekly.app */ = {isa = PBXFileReference; explicitFileType = wrapper.application; includeInIndex = 0; path = "The Mac Weekly.app"; sourceTree = BUILT_PRODUCTS_DIR; };
		6716CA032026BE3300F008C0 /* AppDelegate.swift */ = {isa = PBXFileReference; lastKnownFileType = sourcecode.swift; path = AppDelegate.swift; sourceTree = "<group>"; };
		6716CA082026BE3400F008C0 /* Base */ = {isa = PBXFileReference; lastKnownFileType = file.storyboard; name = Base; path = Base.lproj/Main.storyboard; sourceTree = "<group>"; };
		6716CA0A2026BE3400F008C0 /* Assets.xcassets */ = {isa = PBXFileReference; lastKnownFileType = folder.assetcatalog; path = Assets.xcassets; sourceTree = "<group>"; };
		6716CA0D2026BE3400F008C0 /* Base */ = {isa = PBXFileReference; lastKnownFileType = file.storyboard; name = Base; path = Base.lproj/LaunchScreen.storyboard; sourceTree = "<group>"; };
		6716CA0F2026BE3400F008C0 /* Info.plist */ = {isa = PBXFileReference; lastKnownFileType = text.plist.xml; path = Info.plist; sourceTree = "<group>"; };
		6716CA142026BE3400F008C0 /* The Mac WeeklyTests.xctest */ = {isa = PBXFileReference; explicitFileType = wrapper.cfbundle; includeInIndex = 0; path = "The Mac WeeklyTests.xctest"; sourceTree = BUILT_PRODUCTS_DIR; };
		6716CA182026BE3400F008C0 /* The_Mac_WeeklyTests.swift */ = {isa = PBXFileReference; lastKnownFileType = sourcecode.swift; path = The_Mac_WeeklyTests.swift; sourceTree = "<group>"; };
		6716CA1A2026BE3400F008C0 /* Info.plist */ = {isa = PBXFileReference; lastKnownFileType = text.plist.xml; path = Info.plist; sourceTree = "<group>"; };
		6716CA1F2026BE3400F008C0 /* The Mac WeeklyUITests.xctest */ = {isa = PBXFileReference; explicitFileType = wrapper.cfbundle; includeInIndex = 0; path = "The Mac WeeklyUITests.xctest"; sourceTree = BUILT_PRODUCTS_DIR; };
		6716CA232026BE3400F008C0 /* The_Mac_WeeklyUITests.swift */ = {isa = PBXFileReference; lastKnownFileType = sourcecode.swift; path = The_Mac_WeeklyUITests.swift; sourceTree = "<group>"; };
		6716CA252026BE3400F008C0 /* Info.plist */ = {isa = PBXFileReference; lastKnownFileType = text.plist.xml; path = Info.plist; sourceTree = "<group>"; };
		673F70C9202745900030E5F4 /* PostTableViewCell.swift */ = {isa = PBXFileReference; lastKnownFileType = sourcecode.swift; path = PostTableViewCell.swift; sourceTree = "<group>"; };
		673F70CB2027473F0030E5F4 /* PostTableViewController.swift */ = {isa = PBXFileReference; lastKnownFileType = sourcecode.swift; path = PostTableViewController.swift; sourceTree = "<group>"; };
		678868312026C734006FCF93 /* api.swift */ = {isa = PBXFileReference; lastKnownFileType = sourcecode.swift; path = api.swift; sourceTree = "<group>"; };
		6F207B3E1B8E3F0EDB8610E4 /* Pods-The Mac WeeklyUITests.release.xcconfig */ = {isa = PBXFileReference; includeInIndex = 1; lastKnownFileType = text.xcconfig; name = "Pods-The Mac WeeklyUITests.release.xcconfig"; path = "Pods/Target Support Files/Pods-The Mac WeeklyUITests/Pods-The Mac WeeklyUITests.release.xcconfig"; sourceTree = "<group>"; };
		97D9A86A5E26DA4CE10195BD /* Pods-The Mac WeeklyUITests.debug.xcconfig */ = {isa = PBXFileReference; includeInIndex = 1; lastKnownFileType = text.xcconfig; name = "Pods-The Mac WeeklyUITests.debug.xcconfig"; path = "Pods/Target Support Files/Pods-The Mac WeeklyUITests/Pods-The Mac WeeklyUITests.debug.xcconfig"; sourceTree = "<group>"; };
		BBFDD34752FA0A1EAFB6BC6C /* Pods-The Mac WeeklyTests.debug.xcconfig */ = {isa = PBXFileReference; includeInIndex = 1; lastKnownFileType = text.xcconfig; name = "Pods-The Mac WeeklyTests.debug.xcconfig"; path = "Pods/Target Support Files/Pods-The Mac WeeklyTests/Pods-The Mac WeeklyTests.debug.xcconfig"; sourceTree = "<group>"; };
		CEC1B70C2E1F13089716348D /* Pods_The_Mac_WeeklyUITests.framework */ = {isa = PBXFileReference; explicitFileType = wrapper.framework; includeInIndex = 0; path = Pods_The_Mac_WeeklyUITests.framework; sourceTree = BUILT_PRODUCTS_DIR; };
		DD809222C92AEDAEF8C6C32A /* Pods-The Mac Weekly.debug.xcconfig */ = {isa = PBXFileReference; includeInIndex = 1; lastKnownFileType = text.xcconfig; name = "Pods-The Mac Weekly.debug.xcconfig"; path = "Pods/Target Support Files/Pods-The Mac Weekly/Pods-The Mac Weekly.debug.xcconfig"; sourceTree = "<group>"; };
		E84886F0192DE95D72C6134C /* Pods-The Mac Weekly.release.xcconfig */ = {isa = PBXFileReference; includeInIndex = 1; lastKnownFileType = text.xcconfig; name = "Pods-The Mac Weekly.release.xcconfig"; path = "Pods/Target Support Files/Pods-The Mac Weekly/Pods-The Mac Weekly.release.xcconfig"; sourceTree = "<group>"; };
		F064AFB1504B1B2B0F0DA185 /* Pods_The_Mac_WeeklyTests.framework */ = {isa = PBXFileReference; explicitFileType = wrapper.framework; includeInIndex = 0; path = Pods_The_Mac_WeeklyTests.framework; sourceTree = BUILT_PRODUCTS_DIR; };
/* End PBXFileReference section */

/* Begin PBXFrameworksBuildPhase section */
		6716C9FD2026BE3300F008C0 /* Frameworks */ = {
			isa = PBXFrameworksBuildPhase;
			buildActionMask = 2147483647;
			files = (
				AE7E53254523D4266FBF195F /* Pods_The_Mac_Weekly.framework in Frameworks */,
			);
			runOnlyForDeploymentPostprocessing = 0;
		};
		6716CA112026BE3400F008C0 /* Frameworks */ = {
			isa = PBXFrameworksBuildPhase;
			buildActionMask = 2147483647;
			files = (
				FC129842C382CCC0B5715925 /* Pods_The_Mac_WeeklyTests.framework in Frameworks */,
			);
			runOnlyForDeploymentPostprocessing = 0;
		};
		6716CA1C2026BE3400F008C0 /* Frameworks */ = {
			isa = PBXFrameworksBuildPhase;
			buildActionMask = 2147483647;
			files = (
				CBFB36ABF45CD017F26735B5 /* Pods_The_Mac_WeeklyUITests.framework in Frameworks */,
			);
			runOnlyForDeploymentPostprocessing = 0;
		};
/* End PBXFrameworksBuildPhase section */

/* Begin PBXGroup section */
		111A3028EAD8BA8B59C492F2 /* Frameworks */ = {
			isa = PBXGroup;
			children = (
				1BAAC00BD8C48F155EEFCA94 /* Pods_The_Mac_Weekly.framework */,
				F064AFB1504B1B2B0F0DA185 /* Pods_The_Mac_WeeklyTests.framework */,
				CEC1B70C2E1F13089716348D /* Pods_The_Mac_WeeklyUITests.framework */,
			);
			name = Frameworks;
			sourceTree = "<group>";
		};
		6716C9F72026BE3300F008C0 = {
			isa = PBXGroup;
			children = (
				6716CA022026BE3300F008C0 /* The Mac Weekly */,
				6716CA172026BE3400F008C0 /* The Mac WeeklyTests */,
				6716CA222026BE3400F008C0 /* The Mac WeeklyUITests */,
				6716CA012026BE3300F008C0 /* Products */,
				7CCA455B6EB4A92ABB709033 /* Pods */,
				111A3028EAD8BA8B59C492F2 /* Frameworks */,
			);
			sourceTree = "<group>";
		};
		6716CA012026BE3300F008C0 /* Products */ = {
			isa = PBXGroup;
			children = (
				6716CA002026BE3300F008C0 /* The Mac Weekly.app */,
				6716CA142026BE3400F008C0 /* The Mac WeeklyTests.xctest */,
				6716CA1F2026BE3400F008C0 /* The Mac WeeklyUITests.xctest */,
			);
			name = Products;
			sourceTree = "<group>";
		};
		6716CA022026BE3300F008C0 /* The Mac Weekly */ = {
			isa = PBXGroup;
			children = (
				6716CA032026BE3300F008C0 /* AppDelegate.swift */,
				678868312026C734006FCF93 /* api.swift */,
				6716CA072026BE3400F008C0 /* Main.storyboard */,
				67039EC12028BB7C009357FF /* PostViewController.swift */,
				673F70CB2027473F0030E5F4 /* PostTableViewController.swift */,
				673F70C9202745900030E5F4 /* PostTableViewCell.swift */,
				6716CA0A2026BE3400F008C0 /* Assets.xcassets */,
				6716CA0C2026BE3400F008C0 /* LaunchScreen.storyboard */,
				6716CA0F2026BE3400F008C0 /* Info.plist */,
			);
			path = "The Mac Weekly";
			sourceTree = "<group>";
		};
		6716CA172026BE3400F008C0 /* The Mac WeeklyTests */ = {
			isa = PBXGroup;
			children = (
				6716CA182026BE3400F008C0 /* The_Mac_WeeklyTests.swift */,
				6716CA1A2026BE3400F008C0 /* Info.plist */,
			);
			path = "The Mac WeeklyTests";
			sourceTree = "<group>";
		};
		6716CA222026BE3400F008C0 /* The Mac WeeklyUITests */ = {
			isa = PBXGroup;
			children = (
				6716CA232026BE3400F008C0 /* The_Mac_WeeklyUITests.swift */,
				6716CA252026BE3400F008C0 /* Info.plist */,
			);
			path = "The Mac WeeklyUITests";
			sourceTree = "<group>";
		};
		7CCA455B6EB4A92ABB709033 /* Pods */ = {
			isa = PBXGroup;
			children = (
				DD809222C92AEDAEF8C6C32A /* Pods-The Mac Weekly.debug.xcconfig */,
				E84886F0192DE95D72C6134C /* Pods-The Mac Weekly.release.xcconfig */,
				BBFDD34752FA0A1EAFB6BC6C /* Pods-The Mac WeeklyTests.debug.xcconfig */,
				2045A2157C41EF5C39A058D3 /* Pods-The Mac WeeklyTests.release.xcconfig */,
				97D9A86A5E26DA4CE10195BD /* Pods-The Mac WeeklyUITests.debug.xcconfig */,
				6F207B3E1B8E3F0EDB8610E4 /* Pods-The Mac WeeklyUITests.release.xcconfig */,
			);
			name = Pods;
			sourceTree = "<group>";
		};
/* End PBXGroup section */

/* Begin PBXNativeTarget section */
		6716C9FF2026BE3300F008C0 /* The Mac Weekly */ = {
			isa = PBXNativeTarget;
			buildConfigurationList = 6716CA282026BE3400F008C0 /* Build configuration list for PBXNativeTarget "The Mac Weekly" */;
			buildPhases = (
				826E864CFB6014A1F01F4058 /* [CP] Check Pods Manifest.lock */,
				6716C9FC2026BE3300F008C0 /* Sources */,
				6716C9FD2026BE3300F008C0 /* Frameworks */,
				6716C9FE2026BE3300F008C0 /* Resources */,
				BD9C3BAA9C60E0096418AADF /* [CP] Embed Pods Frameworks */,
				D0168B9AA7073B877282710E /* [CP] Copy Pods Resources */,
			);
			buildRules = (
			);
			dependencies = (
			);
			name = "The Mac Weekly";
			productName = "The Mac Weekly";
			productReference = 6716CA002026BE3300F008C0 /* The Mac Weekly.app */;
			productType = "com.apple.product-type.application";
		};
		6716CA132026BE3400F008C0 /* The Mac WeeklyTests */ = {
			isa = PBXNativeTarget;
			buildConfigurationList = 6716CA2B2026BE3400F008C0 /* Build configuration list for PBXNativeTarget "The Mac WeeklyTests" */;
			buildPhases = (
				B1CB637FB66212B9D9110B43 /* [CP] Check Pods Manifest.lock */,
				6716CA102026BE3400F008C0 /* Sources */,
				6716CA112026BE3400F008C0 /* Frameworks */,
				6716CA122026BE3400F008C0 /* Resources */,
				D4E79A0778188A01C8CAFCFF /* [CP] Embed Pods Frameworks */,
				1B4A75E162D7EA7C223EA10B /* [CP] Copy Pods Resources */,
			);
			buildRules = (
			);
			dependencies = (
				6716CA162026BE3400F008C0 /* PBXTargetDependency */,
			);
			name = "The Mac WeeklyTests";
			productName = "The Mac WeeklyTests";
			productReference = 6716CA142026BE3400F008C0 /* The Mac WeeklyTests.xctest */;
			productType = "com.apple.product-type.bundle.unit-test";
		};
		6716CA1E2026BE3400F008C0 /* The Mac WeeklyUITests */ = {
			isa = PBXNativeTarget;
			buildConfigurationList = 6716CA2E2026BE3400F008C0 /* Build configuration list for PBXNativeTarget "The Mac WeeklyUITests" */;
			buildPhases = (
				72CEAA139273D7301432AEB7 /* [CP] Check Pods Manifest.lock */,
				6716CA1B2026BE3400F008C0 /* Sources */,
				6716CA1C2026BE3400F008C0 /* Frameworks */,
				6716CA1D2026BE3400F008C0 /* Resources */,
				FD7B0BE4E363ADA360DF9D72 /* [CP] Embed Pods Frameworks */,
				902F6FBEC2AE4E36DC7AEA00 /* [CP] Copy Pods Resources */,
			);
			buildRules = (
			);
			dependencies = (
				6716CA212026BE3400F008C0 /* PBXTargetDependency */,
			);
			name = "The Mac WeeklyUITests";
			productName = "The Mac WeeklyUITests";
			productReference = 6716CA1F2026BE3400F008C0 /* The Mac WeeklyUITests.xctest */;
			productType = "com.apple.product-type.bundle.ui-testing";
		};
/* End PBXNativeTarget section */

/* Begin PBXProject section */
		6716C9F82026BE3300F008C0 /* Project object */ = {
			isa = PBXProject;
			attributes = {
				LastSwiftUpdateCheck = 0920;
				LastUpgradeCheck = 0920;
				ORGANIZATIONNAME = "The Mac Weekly";
				TargetAttributes = {
					6716C9FF2026BE3300F008C0 = {
						CreatedOnToolsVersion = 9.2;
						ProvisioningStyle = Automatic;
					};
					6716CA132026BE3400F008C0 = {
						CreatedOnToolsVersion = 9.2;
						ProvisioningStyle = Automatic;
						TestTargetID = 6716C9FF2026BE3300F008C0;
					};
					6716CA1E2026BE3400F008C0 = {
						CreatedOnToolsVersion = 9.2;
						ProvisioningStyle = Automatic;
						TestTargetID = 6716C9FF2026BE3300F008C0;
					};
				};
			};
			buildConfigurationList = 6716C9FB2026BE3300F008C0 /* Build configuration list for PBXProject "The Mac Weekly" */;
			compatibilityVersion = "Xcode 8.0";
			developmentRegion = en;
			hasScannedForEncodings = 0;
			knownRegions = (
				en,
				Base,
			);
			mainGroup = 6716C9F72026BE3300F008C0;
			productRefGroup = 6716CA012026BE3300F008C0 /* Products */;
			projectDirPath = "";
			projectRoot = "";
			targets = (
				6716C9FF2026BE3300F008C0 /* The Mac Weekly */,
				6716CA132026BE3400F008C0 /* The Mac WeeklyTests */,
				6716CA1E2026BE3400F008C0 /* The Mac WeeklyUITests */,
			);
		};
/* End PBXProject section */

/* Begin PBXResourcesBuildPhase section */
		6716C9FE2026BE3300F008C0 /* Resources */ = {
			isa = PBXResourcesBuildPhase;
			buildActionMask = 2147483647;
			files = (
				6716CA0E2026BE3400F008C0 /* LaunchScreen.storyboard in Resources */,
				6716CA0B2026BE3400F008C0 /* Assets.xcassets in Resources */,
				6716CA092026BE3400F008C0 /* Main.storyboard in Resources */,
			);
			runOnlyForDeploymentPostprocessing = 0;
		};
		6716CA122026BE3400F008C0 /* Resources */ = {
			isa = PBXResourcesBuildPhase;
			buildActionMask = 2147483647;
			files = (
			);
			runOnlyForDeploymentPostprocessing = 0;
		};
		6716CA1D2026BE3400F008C0 /* Resources */ = {
			isa = PBXResourcesBuildPhase;
			buildActionMask = 2147483647;
			files = (
			);
			runOnlyForDeploymentPostprocessing = 0;
		};
/* End PBXResourcesBuildPhase section */

/* Begin PBXShellScriptBuildPhase section */
		1B4A75E162D7EA7C223EA10B /* [CP] Copy Pods Resources */ = {
			isa = PBXShellScriptBuildPhase;
			buildActionMask = 2147483647;
			files = (
			);
			inputPaths = (
			);
			name = "[CP] Copy Pods Resources";
			outputPaths = (
			);
			runOnlyForDeploymentPostprocessing = 0;
			shellPath = /bin/sh;
			shellScript = "\"${SRCROOT}/Pods/Target Support Files/Pods-The Mac WeeklyTests/Pods-The Mac WeeklyTests-resources.sh\"\n";
			showEnvVarsInLog = 0;
		};
		72CEAA139273D7301432AEB7 /* [CP] Check Pods Manifest.lock */ = {
			isa = PBXShellScriptBuildPhase;
			buildActionMask = 2147483647;
			files = (
			);
			inputPaths = (
				"${PODS_PODFILE_DIR_PATH}/Podfile.lock",
				"${PODS_ROOT}/Manifest.lock",
			);
			name = "[CP] Check Pods Manifest.lock";
			outputPaths = (
				"$(DERIVED_FILE_DIR)/Pods-The Mac WeeklyUITests-checkManifestLockResult.txt",
			);
			runOnlyForDeploymentPostprocessing = 0;
			shellPath = /bin/sh;
			shellScript = "diff \"${PODS_PODFILE_DIR_PATH}/Podfile.lock\" \"${PODS_ROOT}/Manifest.lock\" > /dev/null\nif [ $? != 0 ] ; then\n    # print error to STDERR\n    echo \"error: The sandbox is not in sync with the Podfile.lock. Run 'pod install' or update your CocoaPods installation.\" >&2\n    exit 1\nfi\n# This output is used by Xcode 'outputs' to avoid re-running this script phase.\necho \"SUCCESS\" > \"${SCRIPT_OUTPUT_FILE_0}\"\n";
			showEnvVarsInLog = 0;
		};
		826E864CFB6014A1F01F4058 /* [CP] Check Pods Manifest.lock */ = {
			isa = PBXShellScriptBuildPhase;
			buildActionMask = 2147483647;
			files = (
			);
			inputPaths = (
				"${PODS_PODFILE_DIR_PATH}/Podfile.lock",
				"${PODS_ROOT}/Manifest.lock",
			);
			name = "[CP] Check Pods Manifest.lock";
			outputPaths = (
				"$(DERIVED_FILE_DIR)/Pods-The Mac Weekly-checkManifestLockResult.txt",
			);
			runOnlyForDeploymentPostprocessing = 0;
			shellPath = /bin/sh;
			shellScript = "diff \"${PODS_PODFILE_DIR_PATH}/Podfile.lock\" \"${PODS_ROOT}/Manifest.lock\" > /dev/null\nif [ $? != 0 ] ; then\n    # print error to STDERR\n    echo \"error: The sandbox is not in sync with the Podfile.lock. Run 'pod install' or update your CocoaPods installation.\" >&2\n    exit 1\nfi\n# This output is used by Xcode 'outputs' to avoid re-running this script phase.\necho \"SUCCESS\" > \"${SCRIPT_OUTPUT_FILE_0}\"\n";
			showEnvVarsInLog = 0;
		};
		902F6FBEC2AE4E36DC7AEA00 /* [CP] Copy Pods Resources */ = {
			isa = PBXShellScriptBuildPhase;
			buildActionMask = 2147483647;
			files = (
			);
			inputPaths = (
			);
			name = "[CP] Copy Pods Resources";
			outputPaths = (
			);
			runOnlyForDeploymentPostprocessing = 0;
			shellPath = /bin/sh;
			shellScript = "\"${SRCROOT}/Pods/Target Support Files/Pods-The Mac WeeklyUITests/Pods-The Mac WeeklyUITests-resources.sh\"\n";
			showEnvVarsInLog = 0;
		};
		B1CB637FB66212B9D9110B43 /* [CP] Check Pods Manifest.lock */ = {
			isa = PBXShellScriptBuildPhase;
			buildActionMask = 2147483647;
			files = (
			);
			inputPaths = (
				"${PODS_PODFILE_DIR_PATH}/Podfile.lock",
				"${PODS_ROOT}/Manifest.lock",
			);
			name = "[CP] Check Pods Manifest.lock";
			outputPaths = (
				"$(DERIVED_FILE_DIR)/Pods-The Mac WeeklyTests-checkManifestLockResult.txt",
			);
			runOnlyForDeploymentPostprocessing = 0;
			shellPath = /bin/sh;
			shellScript = "diff \"${PODS_PODFILE_DIR_PATH}/Podfile.lock\" \"${PODS_ROOT}/Manifest.lock\" > /dev/null\nif [ $? != 0 ] ; then\n    # print error to STDERR\n    echo \"error: The sandbox is not in sync with the Podfile.lock. Run 'pod install' or update your CocoaPods installation.\" >&2\n    exit 1\nfi\n# This output is used by Xcode 'outputs' to avoid re-running this script phase.\necho \"SUCCESS\" > \"${SCRIPT_OUTPUT_FILE_0}\"\n";
			showEnvVarsInLog = 0;
		};
		BD9C3BAA9C60E0096418AADF /* [CP] Embed Pods Frameworks */ = {
			isa = PBXShellScriptBuildPhase;
			buildActionMask = 2147483647;
			files = (
			);
			inputPaths = (
				"${SRCROOT}/Pods/Target Support Files/Pods-The Mac Weekly/Pods-The Mac Weekly-frameworks.sh",
				"${BUILT_PRODUCTS_DIR}/Alamofire/Alamofire.framework",
				"${BUILT_PRODUCTS_DIR}/Kingfisher/Kingfisher.framework",
				"${BUILT_PRODUCTS_DIR}/SwiftyJSON/SwiftyJSON.framework",
			);
			name = "[CP] Embed Pods Frameworks";
			outputPaths = (
				"${TARGET_BUILD_DIR}/${FRAMEWORKS_FOLDER_PATH}/Alamofire.framework",
				"${TARGET_BUILD_DIR}/${FRAMEWORKS_FOLDER_PATH}/Kingfisher.framework",
				"${TARGET_BUILD_DIR}/${FRAMEWORKS_FOLDER_PATH}/SwiftyJSON.framework",
			);
			runOnlyForDeploymentPostprocessing = 0;
			shellPath = /bin/sh;
			shellScript = "\"${SRCROOT}/Pods/Target Support Files/Pods-The Mac Weekly/Pods-The Mac Weekly-frameworks.sh\"\n";
			showEnvVarsInLog = 0;
		};
		D0168B9AA7073B877282710E /* [CP] Copy Pods Resources */ = {
			isa = PBXShellScriptBuildPhase;
			buildActionMask = 2147483647;
			files = (
			);
			inputPaths = (
			);
			name = "[CP] Copy Pods Resources";
			outputPaths = (
			);
			runOnlyForDeploymentPostprocessing = 0;
			shellPath = /bin/sh;
			shellScript = "\"${SRCROOT}/Pods/Target Support Files/Pods-The Mac Weekly/Pods-The Mac Weekly-resources.sh\"\n";
			showEnvVarsInLog = 0;
		};
		D4E79A0778188A01C8CAFCFF /* [CP] Embed Pods Frameworks */ = {
			isa = PBXShellScriptBuildPhase;
			buildActionMask = 2147483647;
			files = (
			);
			inputPaths = (
			);
			name = "[CP] Embed Pods Frameworks";
			outputPaths = (
			);
			runOnlyForDeploymentPostprocessing = 0;
			shellPath = /bin/sh;
			shellScript = "\"${SRCROOT}/Pods/Target Support Files/Pods-The Mac WeeklyTests/Pods-The Mac WeeklyTests-frameworks.sh\"\n";
			showEnvVarsInLog = 0;
		};
		FD7B0BE4E363ADA360DF9D72 /* [CP] Embed Pods Frameworks */ = {
			isa = PBXShellScriptBuildPhase;
			buildActionMask = 2147483647;
			files = (
			);
			inputPaths = (
			);
			name = "[CP] Embed Pods Frameworks";
			outputPaths = (
			);
			runOnlyForDeploymentPostprocessing = 0;
			shellPath = /bin/sh;
			shellScript = "\"${SRCROOT}/Pods/Target Support Files/Pods-The Mac WeeklyUITests/Pods-The Mac WeeklyUITests-frameworks.sh\"\n";
			showEnvVarsInLog = 0;
		};
/* End PBXShellScriptBuildPhase section */

/* Begin PBXSourcesBuildPhase section */
		6716C9FC2026BE3300F008C0 /* Sources */ = {
			isa = PBXSourcesBuildPhase;
			buildActionMask = 2147483647;
			files = (
				673F70CC2027473F0030E5F4 /* PostTableViewController.swift in Sources */,
				678868322026C734006FCF93 /* api.swift in Sources */,
				6716CA042026BE3300F008C0 /* AppDelegate.swift in Sources */,
				673F70CA202745900030E5F4 /* PostTableViewCell.swift in Sources */,
				67039EC22028BB7C009357FF /* PostViewController.swift in Sources */,
			);
			runOnlyForDeploymentPostprocessing = 0;
		};
		6716CA102026BE3400F008C0 /* Sources */ = {
			isa = PBXSourcesBuildPhase;
			buildActionMask = 2147483647;
			files = (
				6716CA192026BE3400F008C0 /* The_Mac_WeeklyTests.swift in Sources */,
			);
			runOnlyForDeploymentPostprocessing = 0;
		};
		6716CA1B2026BE3400F008C0 /* Sources */ = {
			isa = PBXSourcesBuildPhase;
			buildActionMask = 2147483647;
			files = (
				6716CA242026BE3400F008C0 /* The_Mac_WeeklyUITests.swift in Sources */,
			);
			runOnlyForDeploymentPostprocessing = 0;
		};
/* End PBXSourcesBuildPhase section */

/* Begin PBXTargetDependency section */
		6716CA162026BE3400F008C0 /* PBXTargetDependency */ = {
			isa = PBXTargetDependency;
			target = 6716C9FF2026BE3300F008C0 /* The Mac Weekly */;
			targetProxy = 6716CA152026BE3400F008C0 /* PBXContainerItemProxy */;
		};
		6716CA212026BE3400F008C0 /* PBXTargetDependency */ = {
			isa = PBXTargetDependency;
			target = 6716C9FF2026BE3300F008C0 /* The Mac Weekly */;
			targetProxy = 6716CA202026BE3400F008C0 /* PBXContainerItemProxy */;
		};
/* End PBXTargetDependency section */

/* Begin PBXVariantGroup section */
		6716CA072026BE3400F008C0 /* Main.storyboard */ = {
			isa = PBXVariantGroup;
			children = (
				6716CA082026BE3400F008C0 /* Base */,
			);
			name = Main.storyboard;
			sourceTree = "<group>";
		};
		6716CA0C2026BE3400F008C0 /* LaunchScreen.storyboard */ = {
			isa = PBXVariantGroup;
			children = (
				6716CA0D2026BE3400F008C0 /* Base */,
			);
			name = LaunchScreen.storyboard;
			sourceTree = "<group>";
		};
/* End PBXVariantGroup section */

/* Begin XCBuildConfiguration section */
		6716CA262026BE3400F008C0 /* Debug */ = {
			isa = XCBuildConfiguration;
			buildSettings = {
				ALWAYS_SEARCH_USER_PATHS = NO;
				CLANG_ANALYZER_NONNULL = YES;
				CLANG_ANALYZER_NUMBER_OBJECT_CONVERSION = YES_AGGRESSIVE;
				CLANG_CXX_LANGUAGE_STANDARD = "gnu++14";
				CLANG_CXX_LIBRARY = "libc++";
				CLANG_ENABLE_MODULES = YES;
				CLANG_ENABLE_OBJC_ARC = YES;
				CLANG_WARN_BLOCK_CAPTURE_AUTORELEASING = YES;
				CLANG_WARN_BOOL_CONVERSION = YES;
				CLANG_WARN_COMMA = YES;
				CLANG_WARN_CONSTANT_CONVERSION = YES;
				CLANG_WARN_DIRECT_OBJC_ISA_USAGE = YES_ERROR;
				CLANG_WARN_DOCUMENTATION_COMMENTS = YES;
				CLANG_WARN_EMPTY_BODY = YES;
				CLANG_WARN_ENUM_CONVERSION = YES;
				CLANG_WARN_INFINITE_RECURSION = YES;
				CLANG_WARN_INT_CONVERSION = YES;
				CLANG_WARN_NON_LITERAL_NULL_CONVERSION = YES;
				CLANG_WARN_OBJC_LITERAL_CONVERSION = YES;
				CLANG_WARN_OBJC_ROOT_CLASS = YES_ERROR;
				CLANG_WARN_RANGE_LOOP_ANALYSIS = YES;
				CLANG_WARN_STRICT_PROTOTYPES = YES;
				CLANG_WARN_SUSPICIOUS_MOVE = YES;
				CLANG_WARN_UNGUARDED_AVAILABILITY = YES_AGGRESSIVE;
				CLANG_WARN_UNREACHABLE_CODE = YES;
				CLANG_WARN__DUPLICATE_METHOD_MATCH = YES;
				CODE_SIGN_IDENTITY = "iPhone Developer";
				COPY_PHASE_STRIP = NO;
				DEBUG_INFORMATION_FORMAT = dwarf;
				ENABLE_STRICT_OBJC_MSGSEND = YES;
				ENABLE_TESTABILITY = YES;
				GCC_C_LANGUAGE_STANDARD = gnu11;
				GCC_DYNAMIC_NO_PIC = NO;
				GCC_NO_COMMON_BLOCKS = YES;
				GCC_OPTIMIZATION_LEVEL = 0;
				GCC_PREPROCESSOR_DEFINITIONS = (
					"DEBUG=1",
					"$(inherited)",
				);
				GCC_WARN_64_TO_32_BIT_CONVERSION = YES;
				GCC_WARN_ABOUT_RETURN_TYPE = YES_ERROR;
				GCC_WARN_UNDECLARED_SELECTOR = YES;
				GCC_WARN_UNINITIALIZED_AUTOS = YES_AGGRESSIVE;
				GCC_WARN_UNUSED_FUNCTION = YES;
				GCC_WARN_UNUSED_VARIABLE = YES;
				IPHONEOS_DEPLOYMENT_TARGET = 11.2;
				MTL_ENABLE_DEBUG_INFO = YES;
				ONLY_ACTIVE_ARCH = YES;
				SDKROOT = iphoneos;
				SWIFT_ACTIVE_COMPILATION_CONDITIONS = DEBUG;
				SWIFT_OPTIMIZATION_LEVEL = "-Onone";
			};
			name = Debug;
		};
		6716CA272026BE3400F008C0 /* Release */ = {
			isa = XCBuildConfiguration;
			buildSettings = {
				ALWAYS_SEARCH_USER_PATHS = NO;
				CLANG_ANALYZER_NONNULL = YES;
				CLANG_ANALYZER_NUMBER_OBJECT_CONVERSION = YES_AGGRESSIVE;
				CLANG_CXX_LANGUAGE_STANDARD = "gnu++14";
				CLANG_CXX_LIBRARY = "libc++";
				CLANG_ENABLE_MODULES = YES;
				CLANG_ENABLE_OBJC_ARC = YES;
				CLANG_WARN_BLOCK_CAPTURE_AUTORELEASING = YES;
				CLANG_WARN_BOOL_CONVERSION = YES;
				CLANG_WARN_COMMA = YES;
				CLANG_WARN_CONSTANT_CONVERSION = YES;
				CLANG_WARN_DIRECT_OBJC_ISA_USAGE = YES_ERROR;
				CLANG_WARN_DOCUMENTATION_COMMENTS = YES;
				CLANG_WARN_EMPTY_BODY = YES;
				CLANG_WARN_ENUM_CONVERSION = YES;
				CLANG_WARN_INFINITE_RECURSION = YES;
				CLANG_WARN_INT_CONVERSION = YES;
				CLANG_WARN_NON_LITERAL_NULL_CONVERSION = YES;
				CLANG_WARN_OBJC_LITERAL_CONVERSION = YES;
				CLANG_WARN_OBJC_ROOT_CLASS = YES_ERROR;
				CLANG_WARN_RANGE_LOOP_ANALYSIS = YES;
				CLANG_WARN_STRICT_PROTOTYPES = YES;
				CLANG_WARN_SUSPICIOUS_MOVE = YES;
				CLANG_WARN_UNGUARDED_AVAILABILITY = YES_AGGRESSIVE;
				CLANG_WARN_UNREACHABLE_CODE = YES;
				CLANG_WARN__DUPLICATE_METHOD_MATCH = YES;
				CODE_SIGN_IDENTITY = "iPhone Developer";
				COPY_PHASE_STRIP = NO;
				DEBUG_INFORMATION_FORMAT = "dwarf-with-dsym";
				ENABLE_NS_ASSERTIONS = NO;
				ENABLE_STRICT_OBJC_MSGSEND = YES;
				GCC_C_LANGUAGE_STANDARD = gnu11;
				GCC_NO_COMMON_BLOCKS = YES;
				GCC_WARN_64_TO_32_BIT_CONVERSION = YES;
				GCC_WARN_ABOUT_RETURN_TYPE = YES_ERROR;
				GCC_WARN_UNDECLARED_SELECTOR = YES;
				GCC_WARN_UNINITIALIZED_AUTOS = YES_AGGRESSIVE;
				GCC_WARN_UNUSED_FUNCTION = YES;
				GCC_WARN_UNUSED_VARIABLE = YES;
				IPHONEOS_DEPLOYMENT_TARGET = 11.2;
				MTL_ENABLE_DEBUG_INFO = NO;
				SDKROOT = iphoneos;
				SWIFT_OPTIMIZATION_LEVEL = "-Owholemodule";
				VALIDATE_PRODUCT = YES;
			};
			name = Release;
		};
		6716CA292026BE3400F008C0 /* Debug */ = {
			isa = XCBuildConfiguration;
			baseConfigurationReference = DD809222C92AEDAEF8C6C32A /* Pods-The Mac Weekly.debug.xcconfig */;
			buildSettings = {
				ASSETCATALOG_COMPILER_APPICON_NAME = AppIcon;
				CODE_SIGN_STYLE = Automatic;
				DEVELOPMENT_TEAM = 2KVXFURPPL;
				INFOPLIST_FILE = "The Mac Weekly/Info.plist";
				LD_RUNPATH_SEARCH_PATHS = "$(inherited) @executable_path/Frameworks";
				PRODUCT_BUNDLE_IDENTIFIER = "tmw.The-Mac-Weekly";
				PRODUCT_NAME = "$(TARGET_NAME)";
				SWIFT_VERSION = 4.0;
				TARGETED_DEVICE_FAMILY = "1,2";
			};
			name = Debug;
		};
		6716CA2A2026BE3400F008C0 /* Release */ = {
			isa = XCBuildConfiguration;
			baseConfigurationReference = E84886F0192DE95D72C6134C /* Pods-The Mac Weekly.release.xcconfig */;
			buildSettings = {
				ASSETCATALOG_COMPILER_APPICON_NAME = AppIcon;
				CODE_SIGN_STYLE = Automatic;
				DEVELOPMENT_TEAM = 2KVXFURPPL;
				INFOPLIST_FILE = "The Mac Weekly/Info.plist";
				LD_RUNPATH_SEARCH_PATHS = "$(inherited) @executable_path/Frameworks";
				PRODUCT_BUNDLE_IDENTIFIER = "tmw.The-Mac-Weekly";
				PRODUCT_NAME = "$(TARGET_NAME)";
				SWIFT_VERSION = 4.0;
				TARGETED_DEVICE_FAMILY = "1,2";
			};
			name = Release;
		};
		6716CA2C2026BE3400F008C0 /* Debug */ = {
			isa = XCBuildConfiguration;
			baseConfigurationReference = BBFDD34752FA0A1EAFB6BC6C /* Pods-The Mac WeeklyTests.debug.xcconfig */;
			buildSettings = {
				ALWAYS_EMBED_SWIFT_STANDARD_LIBRARIES = YES;
				BUNDLE_LOADER = "$(TEST_HOST)";
				CODE_SIGN_STYLE = Automatic;
				DEVELOPMENT_TEAM = 2KVXFURPPL;
				INFOPLIST_FILE = "The Mac WeeklyTests/Info.plist";
				LD_RUNPATH_SEARCH_PATHS = "$(inherited) @executable_path/Frameworks @loader_path/Frameworks";
				PRODUCT_BUNDLE_IDENTIFIER = "tmw.The-Mac-WeeklyTests";
				PRODUCT_NAME = "$(TARGET_NAME)";
				SWIFT_VERSION = 4.0;
				TARGETED_DEVICE_FAMILY = "1,2";
				TEST_HOST = "$(BUILT_PRODUCTS_DIR)/The Mac Weekly.app/The Mac Weekly";
			};
			name = Debug;
		};
		6716CA2D2026BE3400F008C0 /* Release */ = {
			isa = XCBuildConfiguration;
			baseConfigurationReference = 2045A2157C41EF5C39A058D3 /* Pods-The Mac WeeklyTests.release.xcconfig */;
			buildSettings = {
				ALWAYS_EMBED_SWIFT_STANDARD_LIBRARIES = YES;
				BUNDLE_LOADER = "$(TEST_HOST)";
				CODE_SIGN_STYLE = Automatic;
				DEVELOPMENT_TEAM = 2KVXFURPPL;
				INFOPLIST_FILE = "The Mac WeeklyTests/Info.plist";
				LD_RUNPATH_SEARCH_PATHS = "$(inherited) @executable_path/Frameworks @loader_path/Frameworks";
				PRODUCT_BUNDLE_IDENTIFIER = "tmw.The-Mac-WeeklyTests";
				PRODUCT_NAME = "$(TARGET_NAME)";
				SWIFT_VERSION = 4.0;
				TARGETED_DEVICE_FAMILY = "1,2";
				TEST_HOST = "$(BUILT_PRODUCTS_DIR)/The Mac Weekly.app/The Mac Weekly";
			};
			name = Release;
		};
		6716CA2F2026BE3400F008C0 /* Debug */ = {
			isa = XCBuildConfiguration;
			baseConfigurationReference = 97D9A86A5E26DA4CE10195BD /* Pods-The Mac WeeklyUITests.debug.xcconfig */;
			buildSettings = {
				ALWAYS_EMBED_SWIFT_STANDARD_LIBRARIES = YES;
				CODE_SIGN_STYLE = Automatic;
				DEVELOPMENT_TEAM = 2KVXFURPPL;
				INFOPLIST_FILE = "The Mac WeeklyUITests/Info.plist";
				LD_RUNPATH_SEARCH_PATHS = "$(inherited) @executable_path/Frameworks @loader_path/Frameworks";
				PRODUCT_BUNDLE_IDENTIFIER = "tmw.The-Mac-WeeklyUITests";
				PRODUCT_NAME = "$(TARGET_NAME)";
				SWIFT_VERSION = 4.0;
				TARGETED_DEVICE_FAMILY = "1,2";
				TEST_TARGET_NAME = "The Mac Weekly";
			};
			name = Debug;
		};
		6716CA302026BE3400F008C0 /* Release */ = {
			isa = XCBuildConfiguration;
			baseConfigurationReference = 6F207B3E1B8E3F0EDB8610E4 /* Pods-The Mac WeeklyUITests.release.xcconfig */;
			buildSettings = {
				ALWAYS_EMBED_SWIFT_STANDARD_LIBRARIES = YES;
				CODE_SIGN_STYLE = Automatic;
				DEVELOPMENT_TEAM = 2KVXFURPPL;
				INFOPLIST_FILE = "The Mac WeeklyUITests/Info.plist";
				LD_RUNPATH_SEARCH_PATHS = "$(inherited) @executable_path/Frameworks @loader_path/Frameworks";
				PRODUCT_BUNDLE_IDENTIFIER = "tmw.The-Mac-WeeklyUITests";
				PRODUCT_NAME = "$(TARGET_NAME)";
				SWIFT_VERSION = 4.0;
				TARGETED_DEVICE_FAMILY = "1,2";
				TEST_TARGET_NAME = "The Mac Weekly";
			};
			name = Release;
		};
/* End XCBuildConfiguration section */

/* Begin XCConfigurationList section */
		6716C9FB2026BE3300F008C0 /* Build configuration list for PBXProject "The Mac Weekly" */ = {
			isa = XCConfigurationList;
			buildConfigurations = (
				6716CA262026BE3400F008C0 /* Debug */,
				6716CA272026BE3400F008C0 /* Release */,
			);
			defaultConfigurationIsVisible = 0;
			defaultConfigurationName = Release;
		};
		6716CA282026BE3400F008C0 /* Build configuration list for PBXNativeTarget "The Mac Weekly" */ = {
			isa = XCConfigurationList;
			buildConfigurations = (
				6716CA292026BE3400F008C0 /* Debug */,
				6716CA2A2026BE3400F008C0 /* Release */,
			);
			defaultConfigurationIsVisible = 0;
			defaultConfigurationName = Release;
		};
		6716CA2B2026BE3400F008C0 /* Build configuration list for PBXNativeTarget "The Mac WeeklyTests" */ = {
			isa = XCConfigurationList;
			buildConfigurations = (
				6716CA2C2026BE3400F008C0 /* Debug */,
				6716CA2D2026BE3400F008C0 /* Release */,
			);
			defaultConfigurationIsVisible = 0;
			defaultConfigurationName = Release;
		};
		6716CA2E2026BE3400F008C0 /* Build configuration list for PBXNativeTarget "The Mac WeeklyUITests" */ = {
			isa = XCConfigurationList;
			buildConfigurations = (
				6716CA2F2026BE3400F008C0 /* Debug */,
				6716CA302026BE3400F008C0 /* Release */,
			);
			defaultConfigurationIsVisible = 0;
			defaultConfigurationName = Release;
		};
/* End XCConfigurationList section */
	};
	rootObject = 6716C9F82026BE3300F008C0 /* Project object */;
}
